# Generated by buf. DO NOT EDIT.
version: v1
deps:
  - remote: buf.build
    owner: cosmos
    repository: cosmos-proto
    commit: 04467658e59e44bbb22fe568206e1f70
  - remote: buf.build
    owner: cosmos
    repository: cosmos-sdk
    commit: 650cd9ad7f7a468e8e19975269958658
  - remote: buf.build
    owner: cosmos
    repository: gogo-proto
    commit: 88ef6483f90f478fb938c37dde52ece3
  - remote: buf.build
    owner: cosmos
    repository: ics23
    commit: dc427cb4519143d8996361c045a29ad7
  - remote: buf.build
    owner: googleapis
    repository: googleapis
    commit: 004180b77378443887d3b55cabc00384
  - remote: buf.build
    owner: protocolbuffers
    repository: wellknowntypes
    commit: 4e1ccfa6827947beb55974645a315b8d
